
Microsoft Visual Studio Solution File, Format Version 12.00
# Visual Studio 15
VisualStudioVersion = 15.0.28010.2048
MinimumVisualStudioVersion = 10.0.40219.1
Project("{8BC9CEB8-8B4A-11D0-8D11-00A0C91BC942}") = "HW", "HW\HW.vcxproj", "{13951AB1-455A-4728-9062-7E36D0EDE29D}"
EndProject
Global
	GlobalSection(SolutionConfigurationPlatforms) = preSolution
		Debug|x64 = Debug|x64
		Debug|x86 = Debug|x86
		Release|x64 = Release|x64
		Release|x86 = Release|x86
	EndGlobalSection
	GlobalSection(ProjectConfigurationPlatforms) = postSolution
		{13951AB1-455A-4728-9062-7E36D0EDE29D}.Debug|x64.ActiveCfg = Debug|x64
		{13951AB1-455A-4728-9062-7E36D0EDE29D}.Debug|x64.Build.0 = Debug|x64
		{13951AB1-455A-4728-9062-7E36D0EDE29D}.Debug|x86.ActiveCfg = Debug|Win32
		{13951AB1-455A-4728-9062-7E36D0EDE29D}.Debug|x86.Build.0 = Debug|Win32
		{13951AB1-455A-4728-9062-7E36D0EDE29D}.Release|x64.ActiveCfg = Release|x64
		{13951AB1-455A-4728-9062-7E36D0EDE29D}.Release|x64.Build.0 = Release|x64
		{13951AB1-455A-4728-9062-7E36D0EDE29D}.Release|x86.ActiveCfg = Release|Win32
		{13951AB1-455A-4728-9062-7E36D0EDE29D}.Release|x86.Build.0 = Release|Win32
	EndGlobalSection
	GlobalSection(SolutionProperties) = preSolution
		HideSolutionNode = FALSE
	EndGlobalSection
	GlobalSection(ExtensibilityGlobals) = postSolution
		SolutionGuid = {47D6E69C-3366-45CE-8CCF-541C42A816A6}
	EndGlobalSection
EndGlobal
